
Microsoft Visual Studio Solution File, Format Version 12.00
# Visual Studio Version 17
VisualStudioVersion = 17.14.36119.2 d17.14
MinimumVisualStudioVersion = 10.0.40219.1
Project("{FAE04EC0-301F-11D3-BF4B-00C04F79EFBC}") = "PhotoPrintWinForms", "PhotoPrintWinForms.csproj", "{B2709F9A-5A69-4D3F-9607-D6E9B6F872D0}"
EndProject
Global
	GlobalSection(SolutionConfigurationPlatforms) = preSolution
		Debug|Any CPU = Debug|Any CPU
		Release|Any CPU = Release|Any CPU
	EndGlobalSection
	GlobalSection(ProjectConfigurationPlatforms) = postSolution
		{B2709F9A-5A69-4D3F-9607-D6E9B6F872D0}.Debug|Any CPU.ActiveCfg = Debug|Any CPU
		{B2709F9A-5A69-4D3F-9607-D6E9B6F872D0}.Debug|Any CPU.Build.0 = Debug|Any CPU
		{B2709F9A-5A69-4D3F-9607-D6E9B6F872D0}.Release|Any CPU.ActiveCfg = Release|Any CPU
		{B2709F9A-5A69-4D3F-9607-D6E9B6F872D0}.Release|Any CPU.Build.0 = Release|Any CPU
	EndGlobalSection
	GlobalSection(SolutionProperties) = preSolution
		HideSolutionNode = FALSE
	EndGlobalSection
	GlobalSection(ExtensibilityGlobals) = postSolution
		SolutionGuid = {DB0ADE0D-D82C-4DB1-AF3A-2CD92278919B}
	EndGlobalSection
EndGlobal
